<?xml version="1.0" encoding="utf-8"?>
<Project ToolsVersion="4.0" xmlns="http://schemas.microsoft.com/developer/msbuild/2003">
  <ItemGroup>
    <Filter Include="Source Files">
      <UniqueIdentifier>{4FC737F1-C7A5-4376-A066-2A32D752A2FF}</UniqueIdentifier>
      <Extensions>cpp;c;cc;cxx;c++;cppm;ixx;def;odl;idl;hpj;bat;asm;asmx</Extensions>
    </Filter>
    <Filter Include="Header Files">
      <UniqueIdentifier>{93995380-89BD-4b04-88EB-625FBE52EBFB}</UniqueIdentifier>
      <Extensions>h;hh;hpp;hxx;h++;hm;inl;inc;ipp;xsd</Extensions>
    </Filter>
    <Filter Include="Resource Files">
      <UniqueIdentifier>{67DA6AB6-F800-4c08-8B7A-83BB121AAD01}</UniqueIdentifier>
      <Extensions>rc;ico;cur;bmp;dlg;rc2;rct;bin;rgs;gif;jpg;jpeg;jpe;resx;tiff;tif;png;wav;mfcribbon-ms</Extensions>
    </Filter>
    <Filter Include="Header Files\Engine">
      <UniqueIdentifier>{95926612-6c52-4c54-a474-afb9b8288d23}</UniqueIdentifier>
    </Filter>
    <Filter Include="Header Files\FileIO">
      <UniqueIdentifier>{55834a2b-6b5f-43cc-bc25-ac39e27ce95f}</UniqueIdentifier>
    </Filter>
    <Filter Include="Header Files\GameObjects">
      <UniqueIdentifier>{bd6dd5cd-559a-49bf-9709-ab4d4b35dafb}</UniqueIdentifier>
    </Filter>
    <Filter Include="Header Files\Screens">
      <UniqueIdentifier>{854c4e96-3dad-476b-85c0-3820c513f873}</UniqueIdentifier>
    </Filter>
    <Filter Include="Header Files\Screens\Select">
      <UniqueIdentifier>{888a993f-77fc-4681-aa3d-16af73c08bae}</UniqueIdentifier>
    </Filter>
    <Filter Include="Header Files\Screens\Game">
      <UniqueIdentifier>{4c9134a1-94bd-4696-a7f3-e49979aa5f71}</UniqueIdentifier>
    </Filter>
    <Filter Include="Source Files\Engine">
      <UniqueIdentifier>{5d155250-0102-4edb-a687-dbc3449f6e19}</UniqueIdentifier>
    </Filter>
    <Filter Include="Source Files\FileIO">
      <UniqueIdentifier>{0d76f692-3036-430a-a433-5562951023ee}</UniqueIdentifier>
    </Filter>
    <Filter Include="Source Files\GameObjects">
      <UniqueIdentifier>{0d4827d0-9d36-42eb-9974-4fa4e9510826}</UniqueIdentifier>
    </Filter>
    <Filter Include="Source Files\Screens">
      <UniqueIdentifier>{56deff64-2ced-4c76-b18e-b2b71267f917}</UniqueIdentifier>
    </Filter>
    <Filter Include="Source Files\Screens\Select">
      <UniqueIdentifier>{384b1c5f-001f-4773-9da1-12c5e67aa877}</UniqueIdentifier>
    </Filter>
    <Filter Include="Source Files\Screens\Game">
      <UniqueIdentifier>{e2e73b1c-9787-4909-b720-89e1d184cd6f}</UniqueIdentifier>
    </Filter>
  </ItemGroup>
  <ItemGroup>
    <ClInclude Include="DevelopState.h">
      <Filter>Header Files\Engine</Filter>
    </ClInclude>
    <ClInclude Include="GameEngine.h">
      <Filter>Header Files\Engine</Filter>
    </ClInclude>
    <ClInclude Include="SoundEngine.h">
      <Filter>Header Files\Engine</Filter>
    </ClInclude>
    <ClInclude Include="ScreenManager.h">
      <Filter>Header Files\Engine</Filter>
    </ClInclude>
    <ClInclude Include="BitmapStore.h">
      <Filter>Header Files\Engine</Filter>
    </ClInclude>
    <ClInclude Include="ScreenManagerRemoteControl.h">
      <Filter>Header Files\Screens</Filter>
    </ClInclude>
    <ClInclude Include="Button.h">
      <Filter>Header Files\Screens</Filter>
    </ClInclude>
    <ClInclude Include="UIPanel.h">
      <Filter>Header Files\Screens</Filter>
    </ClInclude>
    <ClInclude Include="InputHandler.h">
      <Filter>Header Files\Screens</Filter>
    </ClInclude>
    <ClInclude Include="Screen.h">
      <Filter>Header Files\Screens</Filter>
    </ClInclude>
    <ClInclude Include="WorldState.h">
      <Filter>Header Files\Engine</Filter>
    </ClInclude>
    <ClInclude Include="SelectScreen.h">
      <Filter>Header Files\Screens\Select</Filter>
    </ClInclude>
    <ClInclude Include="SelectInputHandler.h">
      <Filter>Header Files\Screens\Select</Filter>
    </ClInclude>
    <ClInclude Include="SelectUIPanel.h">
      <Filter>Header Files\Screens\Select</Filter>
    </ClInclude>
    <ClInclude Include="GameScreen.h">
      <Filter>Header Files\Screens\Game</Filter>
    </ClInclude>
    <ClInclude Include="GameInputHandler.h">
      <Filter>Header Files\Screens\Game</Filter>
    </ClInclude>
    <ClInclude Include="GameUIPanel.h">
      <Filter>Header Files\Screens\Game</Filter>
    </ClInclude>
    <ClInclude Include="GameOverInputHandler.h">
      <Filter>Header Files\Screens\Game</Filter>
    </ClInclude>
    <ClInclude Include="GameOverUIPanel.h">
      <Filter>Header Files\Screens\Game</Filter>
    </ClInclude>
    <ClInclude Include="Component.h">
      <Filter>Header Files\GameObjects</Filter>
    </ClInclude>
    <ClInclude Include="ColliderComponent.h">
      <Filter>Header Files\GameObjects</Filter>
    </ClInclude>
    <ClInclude Include="RectColliderComponent.h">
      <Filter>Header Files\GameObjects</Filter>
    </ClInclude>
    <ClInclude Include="GraphicsComponent.h">
      <Filter>Header Files\GameObjects</Filter>
    </ClInclude>
    <ClInclude Include="StandardGraphicsComponent.h">
      <Filter>Header Files\GameObjects</Filter>
    </ClInclude>
    <ClInclude Include="TransformComponent.h">
      <Filter>Header Files\GameObjects</Filter>
    </ClInclude>
    <ClInclude Include="UpdateComponent.h">
      <Filter>Header Files\GameObjects</Filter>
    </ClInclude>
    <ClInclude Include="BulletUpdateComponent.h">
      <Filter>Header Files\GameObjects</Filter>
    </ClInclude>
    <ClInclude Include="InvaderUpdateComponent.h">
      <Filter>Header Files\GameObjects</Filter>
    </ClInclude>
    <ClInclude Include="PlayerUpdateComponent.h">
      <Filter>Header Files\GameObjects</Filter>
    </ClInclude>
    <ClInclude Include="GameObject.h">
      <Filter>Header Files\GameObjects</Filter>
    </ClInclude>
    <ClInclude Include="GameObjectBlueprint.h">
      <Filter>Header Files\FileIO</Filter>
    </ClInclude>
    <ClInclude Include="ObjectTags.h">
      <Filter>Header Files\FileIO</Filter>
    </ClInclude>
    <ClInclude Include="BlueprintObjectParser.h">
      <Filter>Header Files\FileIO</Filter>
    </ClInclude>
    <ClInclude Include="PlayModeObjectLoader.h">
      <Filter>Header Files\FileIO</Filter>
    </ClInclude>
    <ClInclude Include="GameObjectFactoryPlayMode.h">
      <Filter>Header Files\FileIO</Filter>
    </ClInclude>
    <ClInclude Include="GameObjectSharer.h">
      <Filter>Header Files\FileIO</Filter>
    </ClInclude>
    <ClInclude Include="LevelManager.h">
      <Filter>Header Files\Engine</Filter>
    </ClInclude>
    <ClInclude Include="BulletSpawner.h">
      <Filter>Header Files\GameObjects</Filter>
    </ClInclude>
    <ClInclude Include="PhysicsEnginePlayMode.h">
      <Filter>Header Files\Engine</Filter>
    </ClInclude>
  </ItemGroup>
  <ItemGroup>
    <ClCompile Include="Space Invaders ++.cpp">
      <Filter>Source Files\Engine</Filter>
    </ClCompile>
    <ClCompile Include="GameEngine.cpp">
      <Filter>Source Files\Engine</Filter>
    </ClCompile>
    <ClCompile Include="SoundEngine.cpp">
      <Filter>Source Files\Engine</Filter>
    </ClCompile>
    <ClCompile Include="ScreenManager.cpp">
      <Filter>Source Files\Engine</Filter>
    </ClCompile>
    <ClCompile Include="BitmapStore.cpp">
      <Filter>Source Files\Engine</Filter>
    </ClCompile>
    <ClCompile Include="ScreenManagerRemoteControl.cpp">
      <Filter>Source Files\Screens</Filter>
    </ClCompile>
    <ClCompile Include="Button.cpp">
      <Filter>Source Files\Screens</Filter>
    </ClCompile>
    <ClCompile Include="UIPanel.cpp">
      <Filter>Source Files\Screens</Filter>
    </ClCompile>
    <ClCompile Include="InputHandler.cpp">
      <Filter>Source Files\Screens</Filter>
    </ClCompile>
    <ClCompile Include="Screen.cpp">
      <Filter>Source Files\Screens</Filter>
    </ClCompile>
    <ClCompile Include="SelectScreen.cpp">
      <Filter>Source Files\Screens\Select</Filter>
    </ClCompile>
    <ClCompile Include="SelectInputHandler.cpp">
      <Filter>Source Files\Screens\Select</Filter>
    </ClCompile>
    <ClCompile Include="SelectUIPanel.cpp">
      <Filter>Source Files\Screens\Select</Filter>
    </ClCompile>
    <ClCompile Include="GameScreen.cpp">
      <Filter>Source Files\Screens\Game</Filter>
    </ClCompile>
    <ClCompile Include="GameInputHandler.cpp">
      <Filter>Source Files\Screens\Game</Filter>
    </ClCompile>
    <ClCompile Include="GameUIPanel.cpp">
      <Filter>Source Files\Screens\Game</Filter>
    </ClCompile>
    <ClCompile Include="GameOverInputHandler.cpp">
      <Filter>Source Files\Screens\Game</Filter>
    </ClCompile>
    <ClCompile Include="GameOverUIPanel.cpp">
      <Filter>Source Files\Screens\Game</Filter>
    </ClCompile>
    <ClCompile Include="Component.cpp">
      <Filter>Source Files\GameObjects</Filter>
    </ClCompile>
    <ClCompile Include="ColliderComponent.cpp">
      <Filter>Source Files\GameObjects</Filter>
    </ClCompile>
    <ClCompile Include="RectColliderComponent.cpp">
      <Filter>Source Files\GameObjects</Filter>
    </ClCompile>
    <ClCompile Include="GraphicsComponent.cpp">
      <Filter>Source Files\GameObjects</Filter>
    </ClCompile>
    <ClCompile Include="StandardGraphicsComponent.cpp">
      <Filter>Source Files\GameObjects</Filter>
    </ClCompile>
    <ClCompile Include="TransformComponent.cpp">
      <Filter>Source Files\GameObjects</Filter>
    </ClCompile>
    <ClCompile Include="UpdateComponent.cpp">
      <Filter>Source Files\GameObjects</Filter>
    </ClCompile>
    <ClCompile Include="BulletUpdate.cpp">
      <Filter>Source Files\GameObjects</Filter>
    </ClCompile>
    <ClCompile Include="InvaderUpdate.cpp">
      <Filter>Source Files\GameObjects</Filter>
    </ClCompile>
    <ClCompile Include="GameObject.cpp">
      <Filter>Source Files\GameObjects</Filter>
    </ClCompile>
    <ClCompile Include="GameObjectBlueprint.cpp">
      <Filter>Source Files\FileIO</Filter>
    </ClCompile>
    <ClCompile Include="ObjectTags.cpp">
      <Filter>Source Files\FileIO</Filter>
    </ClCompile>
    <ClCompile Include="BlueprintObjectParser.cpp">
      <Filter>Source Files\FileIO</Filter>
    </ClCompile>
    <ClCompile Include="PlayModeObjectLoader.cpp">
      <Filter>Source Files\FileIO</Filter>
    </ClCompile>
    <ClCompile Include="GameObjectFactoryPlayMode.cpp">
      <Filter>Source Files\FileIO</Filter>
    </ClCompile>
    <ClCompile Include="GameObjectSharer.cpp">
      <Filter>Source Files\FileIO</Filter>
    </ClCompile>
    <ClCompile Include="LevelManager.cpp">
      <Filter>Source Files\Engine</Filter>
    </ClCompile>
    <ClCompile Include="BulletSpawner.cpp">
      <Filter>Source Files\GameObjects</Filter>
    </ClCompile>
    <ClCompile Include="PhysicsEnginePlayMode.cpp">
      <Filter>Source Files\Engine</Filter>
    </ClCompile>
    <ClCompile Include="PlayerUpdateComponent.cpp">
      <Filter>Source Files\GameObjects</Filter>
    </ClCompile>
  </ItemGroup>
</Project>